PODS:
  - Alamofire (4.8.2)
  - FSPagerView (0.8.2)
  - HandyJSON (5.0.0)
  - Kingfisher (5.7.0)
  - SnapKit (5.0.0)

DEPENDENCIES:
  - Alamofire
  - FSPagerView
  - HandyJSON
  - Kingfisher
  - SnapKit

SPEC REPOS:
  https://github.com/cocoapods/specs.git:
    - Alamofire
    - FSPagerView
    - HandyJSON
    - Kingfisher
    - SnapKit

SPEC CHECKSUMS:
  Alamofire: ae5c501addb7afdbb13687d7f2f722c78734c2d3
  FSPagerView: 816a18842306973cc7cc6df8a5332272f7815c30
  HandyJSON: 992f2d661716d6a91de82d0056927bc7813b5770
  Kingfisher: c7d211b54f1f30d8060aadab177d52b4349c825b
  SnapKit: fd22d10eb9aff484d79a8724eab922c1ddf89bcf

PODFILE CHECKSUM: 25a10867dc498a876918cef8c9061740d91da614

COCOAPODS: 1.6.0
